<?xml version="1.0" encoding="utf-8"?>
<Project ToolsVersion="4.0" xmlns="http://schemas.microsoft.com/developer/msbuild/2003">
  <ItemGroup>
    <Filter Include="Source Files">
      <UniqueIdentifier>{4FC737F1-C7A5-4376-A066-2A32D752A2FF}</UniqueIdentifier>
      <Extensions>cpp;c;cc;cxx;def;odl;idl;hpj;bat;asm;asmx</Extensions>
    </Filter>
    <Filter Include="Header Files">
      <UniqueIdentifier>{93995380-89BD-4b04-88EB-625FBE52EBFB}</UniqueIdentifier>
      <Extensions>h;hh;hpp;hxx;hm;inl;inc;ipp;xsd</Extensions>
    </Filter>
    <Filter Include="Resource Files">
      <UniqueIdentifier>{67DA6AB6-F800-4c08-8B7A-83BB121AAD01}</UniqueIdentifier>
      <Extensions>rc;ico;cur;bmp;dlg;rc2;rct;bin;rgs;gif;jpg;jpeg;jpe;resx;tiff;tif;png;wav;mfcribbon-ms</Extensions>
    </Filter>
  </ItemGroup>
  <ItemGroup>
    <ClCompile Include="drawing\overlay.cpp">
      <Filter>Source Files</Filter>
    </ClCompile>
    <ClCompile Include="cheat\cheat.cpp">
      <Filter>Source Files</Filter>
    </ClCompile>
    <ClCompile Include="remote\process.cpp">
      <Filter>Source Files</Filter>
    </ClCompile>
    <ClCompile Include="base\rect.cpp">
      <Filter>Source Files</Filter>
    </ClCompile>
    <ClCompile Include="drawing\renderer.cpp">
      <Filter>Source Files</Filter>
    </ClCompile>
    <ClCompile Include="base\point.cpp">
      <Filter>Source Files</Filter>
    </ClCompile>
    <ClCompile Include="drawing\device\dx9_device.cpp">
      <Filter>Source Files</Filter>
    </ClCompile>
    <ClCompile Include="drawing\device\d2d_device.cpp">
      <Filter>Source Files</Filter>
    </ClCompile>
    <ClCompile Include="base\last_error.cpp">
      <Filter>Source Files</Filter>
    </ClCompile>
    <ClCompile Include="gui\window.cpp">
      <Filter>Source Files</Filter>
    </ClCompile>
    <ClCompile Include="remote\peb.cpp">
      <Filter>Source Files</Filter>
    </ClCompile>
    <ClCompile Include="remote\module.cpp">
      <Filter>Source Files</Filter>
    </ClCompile>
    <ClCompile Include="base\string_util.cpp">
      <Filter>Source Files</Filter>
    </ClCompile>
  </ItemGroup>
  <ItemGroup>
    <ClInclude Include="remote\process.hpp">
      <Filter>Header Files</Filter>
    </ClInclude>
    <ClInclude Include="base\auto_handle.hpp">
      <Filter>Header Files</Filter>
    </ClInclude>
    <ClInclude Include="cheat\cheat.hpp">
      <Filter>Header Files</Filter>
    </ClInclude>
    <ClInclude Include="drawing\overlay.hpp">
      <Filter>Header Files</Filter>
    </ClInclude>
    <ClInclude Include="base\rect.hpp">
      <Filter>Header Files</Filter>
    </ClInclude>
    <ClInclude Include="drawing\renderer.hpp">
      <Filter>Header Files</Filter>
    </ClInclude>
    <ClInclude Include="base\point.hpp">
      <Filter>Header Files</Filter>
    </ClInclude>
    <ClInclude Include="drawing\device\device.hpp">
      <Filter>Header Files</Filter>
    </ClInclude>
    <ClInclude Include="drawing\device\dx9_device.hpp">
      <Filter>Header Files</Filter>
    </ClInclude>
    <ClInclude Include="drawing\device\d2d_device.hpp">
      <Filter>Header Files</Filter>
    </ClInclude>
    <ClInclude Include="base\last_error.hpp">
      <Filter>Header Files</Filter>
    </ClInclude>
    <ClInclude Include="drawing\overlay_controller.hpp">
      <Filter>Header Files</Filter>
    </ClInclude>
    <ClInclude Include="base\auto_local.hpp">
      <Filter>Header Files</Filter>
    </ClInclude>
    <ClInclude Include="gui\window.hpp">
      <Filter>Header Files</Filter>
    </ClInclude>
    <ClInclude Include="remote\process_controller.hpp">
      <Filter>Header Files</Filter>
    </ClInclude>
    <ClInclude Include="native\peb_native.hpp">
      <Filter>Header Files</Filter>
    </ClInclude>
    <ClInclude Include="remote\peb.hpp">
      <Filter>Header Files</Filter>
    </ClInclude>
    <ClInclude Include="base\auto_alloc.hpp">
      <Filter>Header Files</Filter>
    </ClInclude>
    <ClInclude Include="base\no_copy.hpp">
      <Filter>Header Files</Filter>
    </ClInclude>
    <ClInclude Include="remote\module.hpp">
      <Filter>Header Files</Filter>
    </ClInclude>
    <ClInclude Include="base\string_util.hpp">
      <Filter>Header Files</Filter>
    </ClInclude>
    <ClInclude Include="base\no_move.hpp">
      <Filter>Header Files</Filter>
    </ClInclude>
  </ItemGroup>
</Project>